github.com/admajagit/latku v0.0.0-20240317141932-e1bc9b8c8f69 h1:7gyR41TnRCVL1Phm4zD4n5C9xQMtv95WMW3qVwU1XS4=
github.com/admajagit/latku v0.0.0-20240317141932-e1bc9b8c8f69/go.mod h1:GDIjeoyAoeVY3Bn1WX7zW7luNCu+zmikZCzFk52x3u8=
github.com/admajagit/latku v1.2.0 h1:Lqy1RqM0DL9GmUqMIgX8jsY9LvpeF0ILRfV2LErufO0=
github.com/admajagit/latku v1.2.0/go.mod h1:GDIjeoyAoeVY3Bn1WX7zW7luNCu+zmikZCzFk52x3u8=
github.com/admajagit/latku v1.3.0 h1:pWRzAYvLx1IQigb6yFQZTjwynfDOY07K8okUz7wKtNE=
github.com/admajagit/latku v1.3.0/go.mod h1:GDIjeoyAoeVY3Bn1WX7zW7luNCu+zmikZCzFk52x3u8=
